{
  "name": "cockpit-security",
  "lockfileVersion": 3,
  "requires": true,
  "packages": {
    "": {
      "name": "cockpit-security",
      "license": "LGPL-2.1-or-later",
      "dependencies": {
        "@patternfly/patternfly": "6.1.0"
      },
      "engines": {
        "node": ">=16"
      }
    },
    "node_modules/@patternfly/patternfly": {
      "version": "6.1.0",
      "resolved": "https://registry.npmjs.org/@patternfly/patternfly/-/patternfly-6.1.0.tgz",
      "integrity": "sha512-w+QazL8NHKkg5j01eotblsswKxQQSYB0CN3yBXQL9ScpHdp/fK8M6TqWbKZNRpf+NqhMxcH/om8eR0N/fDCJqw==",
      "license": "MIT"
    }
  }
}
